{
  "name": "users-list",
  "lockfileVersion": 2,
  "requires": true,
  "packages": {
    "": {
      "dependencies": {
        "bootstrap-icons": "^1.9.1",
        "css-codepoints": "^0.1.2"
      }
    },
    "node_modules/bootstrap-icons": {
      "version": "1.9.1",
      "resolved": "https://registry.npmjs.org/bootstrap-icons/-/bootstrap-icons-1.9.1.tgz",
      "integrity": "sha512-d4ZkO30MIkAhQ2nNRJqKXJVEQorALGbLWTuRxyCTJF96lRIV6imcgMehWGJUiJMJhglN0o2tqLIeDnMdiQEE9g=="
    },
    "node_modules/css-codepoints": {
      "version": "0.1.2",
      "resolved": "https://registry.npmjs.org/css-codepoints/-/css-codepoints-0.1.2.tgz",
      "integrity": "sha512-UMsoTqpMuO2zJRRpPc3x3S+dzo3X4iKyDoj2R9YeFgcQzjdIbrIUn0KbH7ip4vLSIOLyx1saLzEZLSwnHNnm2g==",
      "dependencies": {
        "cssesc": "^0.1.0",
        "extend": "^2.0.0",
        "lodash.pairs": "^2.4.1",
        "mustache": "^0.8.2",
        "zipmap": "^1.1.1"
      }
    },
    "node_modules/cssesc": {
      "version": "0.1.0",
      "resolved": "https://registry.npmjs.org/cssesc/-/cssesc-0.1.0.tgz",
      "integrity": "sha512-72avb2vCIsNDBlSMYuxt2Cmg6Z4TTGqifblGs7IXGihhuEzghCb9Pu1Y6vzVPLC03OTXnAKsTm92ChZd4uzVBQ==",
      "bin": {
        "cssesc": "bin/cssesc"
      }
    },
    "node_modules/extend": {
      "version": "2.0.2",
      "resolved": "https://registry.npmjs.org/extend/-/extend-2.0.2.tgz",
      "integrity": "sha512-AgFD4VU+lVLP6vjnlNfF7OeInLTyeyckCNPEsuxz1vi786UuK/nk6ynPuhn/h+Ju9++TQyr5EpLRI14fc1QtTQ=="
    },
    "node_modules/lodash._isnative": {
      "version": "2.4.1",
      "resolved": "https://registry.npmjs.org/lodash._isnative/-/lodash._isnative-2.4.1.tgz",
      "integrity": "sha512-BOlKGKNHhCHswGOWtmVb5zBygyxN7EmTuzVOSQI6QSoGhG+kvv71gICFS1TBpnqvT1n53txK8CDK3u5D2/GZxQ=="
    },
    "node_modules/lodash._objecttypes": {
      "version": "2.4.1",
      "resolved": "https://registry.npmjs.org/lodash._objecttypes/-/lodash._objecttypes-2.4.1.tgz",
      "integrity": "sha512-XpqGh1e7hhkOzftBfWE7zt+Yn9mVHFkDhicVttvKLsoCMLVVL+xTQjfjB4X4vtznauxv0QZ5ZAeqjvat0dh62Q=="
    },
    "node_modules/lodash._shimkeys": {
      "version": "2.4.1",
      "resolved": "https://registry.npmjs.org/lodash._shimkeys/-/lodash._shimkeys-2.4.1.tgz",
      "integrity": "sha512-lBrglYxLD/6KAJ8IEa5Lg+YHgNAL7FyKqXg4XOUI+Du/vtniLs1ZqS+yHNKPkK54waAgkdUnDOYaWf+rv4B+AA==",
      "dependencies": {
        "lodash._objecttypes": "~2.4.1"
      }
    },
    "node_modules/lodash.isobject": {
      "version": "2.4.1",
      "resolved": "https://registry.npmjs.org/lodash.isobject/-/lodash.isobject-2.4.1.tgz",
      "integrity": "sha512-sTebg2a1PoicYEZXD5PBdQcTlIJ6hUslrlWr7iV0O7n+i4596s2NQ9I5CaZ5FbXSfya/9WQsrYLANUJv9paYVA==",
      "dependencies": {
        "lodash._objecttypes": "~2.4.1"
      }
    },
    "node_modules/lodash.keys": {
      "version": "2.4.1",
      "resolved": "https://registry.npmjs.org/lodash.keys/-/lodash.keys-2.4.1.tgz",
      "integrity": "sha512-ZpJhwvUXHSNL5wYd1RM6CUa2ZuqorG9ngoJ9Ix5Cce+uX7I5O/E06FCJdhSZ33b5dVyeQDnIlWH7B2s5uByZ7g==",
      "dependencies": {
        "lodash._isnative": "~2.4.1",
        "lodash._shimkeys": "~2.4.1",
        "lodash.isobject": "~2.4.1"
      }
    },
    "node_modules/lodash.pairs": {
      "version": "2.4.1",
      "resolved": "https://registry.npmjs.org/lodash.pairs/-/lodash.pairs-2.4.1.tgz",
      "integrity": "sha512-vnYz5kzWAchSiv9lEui4nGKqFbXDhpnCOms3u40zSvyZoqB4fm4BbdaD+RQ3VOL/de7azNpEKMUELP4oxBHTBw==",
      "dependencies": {
        "lodash.keys": "~2.4.1"
      }
    },
    "node_modules/mustache": {
      "version": "0.8.2",
      "resolved": "https://registry.npmjs.org/mustache/-/mustache-0.8.2.tgz",
      "integrity": "sha512-aP5cS3jJRtVwpVX2oBysncQDpR9S9S/fhc4dAGlSFVS0DCg1SQl2zzgQd+xz+rkQfV3GP64ma49woMOJe4bteA=="
    },
    "node_modules/zipmap": {
      "version": "1.1.1",
      "resolved": "https://registry.npmjs.org/zipmap/-/zipmap-1.1.1.tgz",
      "integrity": "sha512-Im0HdQCEFMRMapmF/LQcIYWCWYDJ7lhqvvpTmGizsvUhLuRzYsfEpVXSA+n2DzVjjdebQT6FN4z081wHPu+yKA=="
    }
  },
  "dependencies": {
    "bootstrap-icons": {
      "version": "1.9.1",
      "resolved": "https://registry.npmjs.org/bootstrap-icons/-/bootstrap-icons-1.9.1.tgz",
      "integrity": "sha512-d4ZkO30MIkAhQ2nNRJqKXJVEQorALGbLWTuRxyCTJF96lRIV6imcgMehWGJUiJMJhglN0o2tqLIeDnMdiQEE9g=="
    },
    "css-codepoints": {
      "version": "0.1.2",
      "resolved": "https://registry.npmjs.org/css-codepoints/-/css-codepoints-0.1.2.tgz",
      "integrity": "sha512-UMsoTqpMuO2zJRRpPc3x3S+dzo3X4iKyDoj2R9YeFgcQzjdIbrIUn0KbH7ip4vLSIOLyx1saLzEZLSwnHNnm2g==",
      "requires": {
        "cssesc": "^0.1.0",
        "extend": "^2.0.0",
        "lodash.pairs": "^2.4.1",
        "mustache": "^0.8.2",
        "zipmap": "^1.1.1"
      }
    },
    "cssesc": {
      "version": "0.1.0",
      "resolved": "https://registry.npmjs.org/cssesc/-/cssesc-0.1.0.tgz",
      "integrity": "sha512-72avb2vCIsNDBlSMYuxt2Cmg6Z4TTGqifblGs7IXGihhuEzghCb9Pu1Y6vzVPLC03OTXnAKsTm92ChZd4uzVBQ=="
    },
    "extend": {
      "version": "2.0.2",
      "resolved": "https://registry.npmjs.org/extend/-/extend-2.0.2.tgz",
      "integrity": "sha512-AgFD4VU+lVLP6vjnlNfF7OeInLTyeyckCNPEsuxz1vi786UuK/nk6ynPuhn/h+Ju9++TQyr5EpLRI14fc1QtTQ=="
    },
    "lodash._isnative": {
      "version": "2.4.1",
      "resolved": "https://registry.npmjs.org/lodash._isnative/-/lodash._isnative-2.4.1.tgz",
      "integrity": "sha512-BOlKGKNHhCHswGOWtmVb5zBygyxN7EmTuzVOSQI6QSoGhG+kvv71gICFS1TBpnqvT1n53txK8CDK3u5D2/GZxQ=="
    },
    "lodash._objecttypes": {
      "version": "2.4.1",
      "resolved": "https://registry.npmjs.org/lodash._objecttypes/-/lodash._objecttypes-2.4.1.tgz",
      "integrity": "sha512-XpqGh1e7hhkOzftBfWE7zt+Yn9mVHFkDhicVttvKLsoCMLVVL+xTQjfjB4X4vtznauxv0QZ5ZAeqjvat0dh62Q=="
    },
    "lodash._shimkeys": {
      "version": "2.4.1",
      "resolved": "https://registry.npmjs.org/lodash._shimkeys/-/lodash._shimkeys-2.4.1.tgz",
      "integrity": "sha512-lBrglYxLD/6KAJ8IEa5Lg+YHgNAL7FyKqXg4XOUI+Du/vtniLs1ZqS+yHNKPkK54waAgkdUnDOYaWf+rv4B+AA==",
      "requires": {
        "lodash._objecttypes": "~2.4.1"
      }
    },
    "lodash.isobject": {
      "version": "2.4.1",
      "resolved": "https://registry.npmjs.org/lodash.isobject/-/lodash.isobject-2.4.1.tgz",
      "integrity": "sha512-sTebg2a1PoicYEZXD5PBdQcTlIJ6hUslrlWr7iV0O7n+i4596s2NQ9I5CaZ5FbXSfya/9WQsrYLANUJv9paYVA==",
      "requires": {
        "lodash._objecttypes": "~2.4.1"
      }
    },
    "lodash.keys": {
      "version": "2.4.1",
      "resolved": "https://registry.npmjs.org/lodash.keys/-/lodash.keys-2.4.1.tgz",
      "integrity": "sha512-ZpJhwvUXHSNL5wYd1RM6CUa2ZuqorG9ngoJ9Ix5Cce+uX7I5O/E06FCJdhSZ33b5dVyeQDnIlWH7B2s5uByZ7g==",
      "requires": {
        "lodash._isnative": "~2.4.1",
        "lodash._shimkeys": "~2.4.1",
        "lodash.isobject": "~2.4.1"
      }
    },
    "lodash.pairs": {
      "version": "2.4.1",
      "resolved": "https://registry.npmjs.org/lodash.pairs/-/lodash.pairs-2.4.1.tgz",
      "integrity": "sha512-vnYz5kzWAchSiv9lEui4nGKqFbXDhpnCOms3u40zSvyZoqB4fm4BbdaD+RQ3VOL/de7azNpEKMUELP4oxBHTBw==",
      "requires": {
        "lodash.keys": "~2.4.1"
      }
    },
    "mustache": {
      "version": "0.8.2",
      "resolved": "https://registry.npmjs.org/mustache/-/mustache-0.8.2.tgz",
      "integrity": "sha512-aP5cS3jJRtVwpVX2oBysncQDpR9S9S/fhc4dAGlSFVS0DCg1SQl2zzgQd+xz+rkQfV3GP64ma49woMOJe4bteA=="
    },
    "zipmap": {
      "version": "1.1.1",
      "resolved": "https://registry.npmjs.org/zipmap/-/zipmap-1.1.1.tgz",
      "integrity": "sha512-Im0HdQCEFMRMapmF/LQcIYWCWYDJ7lhqvvpTmGizsvUhLuRzYsfEpVXSA+n2DzVjjdebQT6FN4z081wHPu+yKA=="
    }
  }
}
